
Microsoft Visual Studio Solution File, Format Version 11.00
# Visual Studio 2010
Project("{FAE04EC0-301F-11D3-BF4B-00C04F79EFBC}") = "ListViewAnimations", "ListViewAnimations.csproj", "{CBAB8FDF-A54B-4D1D-A6B5-A70F1B20594E}"
EndProject
Global
	GlobalSection(SolutionConfigurationPlatforms) = preSolution
		Debug|Any CPU = Debug|Any CPU
		Release|Any CPU = Release|Any CPU
	EndGlobalSection
	GlobalSection(ProjectConfigurationPlatforms) = postSolution
		{CBAB8FDF-A54B-4D1D-A6B5-A70F1B20594E}.Debug|Any CPU.ActiveCfg = Debug|Any CPU
		{CBAB8FDF-A54B-4D1D-A6B5-A70F1B20594E}.Debug|Any CPU.Build.0 = Debug|Any CPU
		{CBAB8FDF-A54B-4D1D-A6B5-A70F1B20594E}.Release|Any CPU.ActiveCfg = Release|Any CPU
		{CBAB8FDF-A54B-4D1D-A6B5-A70F1B20594E}.Release|Any CPU.Build.0 = Release|Any CPU
	EndGlobalSection
	GlobalSection(MonoDevelopProperties) = preSolution
		StartupItem = ListViewAnimations.csproj
	EndGlobalSection
EndGlobal
